
Microsoft Visual Studio Solution File, Format Version 12.00
# Visual Studio 15
VisualStudioVersion = 15.0.27428.2015
MinimumVisualStudioVersion = 10.0.40219.1
Project("{FAE04EC0-301F-11D3-BF4B-00C04F79EFBC}") = "FixMeApplication", "FixMeApplication\FixMeApplication.csproj", "{44192809-B4A5-477A-B8E3-D68213BC4C67}"
EndProject
Project("{FAE04EC0-301F-11D3-BF4B-00C04F79EFBC}") = "Data", "Data\Data.csproj", "{5688CD8E-876D-4451-9F43-BECA5C09C963}"
EndProject
Project("{FAE04EC0-301F-11D3-BF4B-00C04F79EFBC}") = "Business", "Business\Business.csproj", "{08279423-D0DF-4A03-8426-77A958381D92}"
EndProject
Global
	GlobalSection(SolutionConfigurationPlatforms) = preSolution
		Debug|Any CPU = Debug|Any CPU
		Release|Any CPU = Release|Any CPU
	EndGlobalSection
	GlobalSection(ProjectConfigurationPlatforms) = postSolution
		{44192809-B4A5-477A-B8E3-D68213BC4C67}.Debug|Any CPU.ActiveCfg = Debug|Any CPU
		{44192809-B4A5-477A-B8E3-D68213BC4C67}.Debug|Any CPU.Build.0 = Debug|Any CPU
		{44192809-B4A5-477A-B8E3-D68213BC4C67}.Release|Any CPU.ActiveCfg = Release|Any CPU
		{44192809-B4A5-477A-B8E3-D68213BC4C67}.Release|Any CPU.Build.0 = Release|Any CPU
		{5688CD8E-876D-4451-9F43-BECA5C09C963}.Debug|Any CPU.ActiveCfg = Debug|Any CPU
		{5688CD8E-876D-4451-9F43-BECA5C09C963}.Debug|Any CPU.Build.0 = Debug|Any CPU
		{5688CD8E-876D-4451-9F43-BECA5C09C963}.Release|Any CPU.ActiveCfg = Release|Any CPU
		{5688CD8E-876D-4451-9F43-BECA5C09C963}.Release|Any CPU.Build.0 = Release|Any CPU
		{08279423-D0DF-4A03-8426-77A958381D92}.Debug|Any CPU.ActiveCfg = Debug|Any CPU
		{08279423-D0DF-4A03-8426-77A958381D92}.Debug|Any CPU.Build.0 = Debug|Any CPU
		{08279423-D0DF-4A03-8426-77A958381D92}.Release|Any CPU.ActiveCfg = Release|Any CPU
		{08279423-D0DF-4A03-8426-77A958381D92}.Release|Any CPU.Build.0 = Release|Any CPU
	EndGlobalSection
	GlobalSection(SolutionProperties) = preSolution
		HideSolutionNode = FALSE
	EndGlobalSection
	GlobalSection(ExtensibilityGlobals) = postSolution
		SolutionGuid = {941F4E3C-D8D7-4618-B6CE-6ACDFA1AD44E}
	EndGlobalSection
EndGlobal
